# This file is automatically @generated by Poetry 1.4.2 and should not be changed by hand.

[[package]]
name = "bitstruct"
version = "8.18.0"
description = "This module performs conversions between Python values and C bit field structs represented as Python byte strings."
category = "main"
optional = false
python-versions = ">=3.7"
files = [
    {file = "bitstruct-8.18.0-cp310-cp310-macosx_10_9_x86_64.whl", hash = "sha256:9d6205f3c91c4c729f7d99808f0970edaab196c93e4311297fea8863ea3dca7c"},
    {file = "bitstruct-8.18.0-cp310-cp310-manylinux_2_17_x86_64.manylinux2014_x86_64.whl", hash = "sha256:d7485bb90f7ebade3f96669a43ea07dd86aa45ea24ab5de891409cac05b57c04"},
    {file = "bitstruct-8.18.0-cp310-cp310-manylinux_2_5_i686.manylinux1_i686.manylinux_2_17_i686.manylinux2014_i686.whl", hash = "sha256:5be4fed9f63291740969e68c1e3f4d8bcb9a9fa58e28107c378f911adadd43a0"},
    {file = "bitstruct-8.18.0-cp310-cp310-musllinux_1_1_i686.whl", hash = "sha256:e967fd9575c09d6379770e269c9d5ee419559e12938c99bb6a0c07e34f67f737"},
    {file = "bitstruct-8.18.0-cp310-cp310-musllinux_1_1_x86_64.whl", hash = "sha256:62cd199d03abce0480dbad1546eaf981246b4bfb80b9f4ead8dba3b975798c2e"},
    {file = "bitstruct-8.18.0-cp310-cp310-win32.whl", hash = "sha256:358571909a99acc1fa599b33d7e92a4a1c9939e3bc7c6d7713b797d5bf9fb3c3"},
    {file = "bitstruct-8.18.0-cp310-cp310-win_amd64.whl", hash = "sha256:e6d6986f36f3675c56df09da4f8b55d2436c430df88fc78d90e5091fcb249d87"},
    {file = "bitstruct-8.18.0-cp311-cp311-macosx_10_9_x86_64.whl", hash = "sha256:03c93418ba361408be843cbea84d5bac325f313a6bae2715f3a6770f04f8cb0e"},
    {file = "bitstruct-8.18.0-cp311-cp311-manylinux_2_17_x86_64.manylinux2014_x86_64.whl", hash = "sha256:2816598fe68fb20f356c86228d10ac10c01bd3fdf2f2adc47cadad7ad6403b83"},
    {file = "bitstruct-8.18.0-cp311-cp311-manylinux_2_5_i686.manylinux1_i686.manylinux_2_17_i686.manylinux2014_i686.whl", hash = "sha256:3a9acf21ce73e0b26298cc6358e9d42c774897199e51afa36dec7f6146c99895"},
    {file = "bitstruct-8.18.0-cp311-cp311-musllinux_1_1_i686.whl", hash = "sha256:8348fb206238c59f65254b30940e8862c61fc4ca85f0b0111da2ab1e1fdbcfb0"},
    {file = "bitstruct-8.18.0-cp311-cp311-musllinux_1_1_x86_64.whl", hash = "sha256:8350620dfca95065b7f3e843110e31e8a98c498461a799f4501d083cf48847c3"},
    {file = "bitstruct-8.18.0-cp311-cp311-win32.whl", hash = "sha256:2ba3c2a13bd7ac5183e162271de26ad66417ecbf20f6b4f4b9ee8de0541a80f9"},
    {file = "bitstruct-8.18.0-cp311-cp311-win_amd64.whl", hash = "sha256:35ef7f1630b6d39fccae49332a3e1821da7c37f0a7d6cb08c1a8472ee58c857b"},
    {file = "bitstruct-8.18.0-cp312-cp312-macosx_10_9_x86_64.whl", hash = "sha256:70ad2da40e2d438b33f37b928f5d2ea1422a8acbd7d6509020dcb60efd2dd5e4"},
    {file = "bitstruct-8.18.0-cp312-cp312-manylinux_2_17_x86_64.manylinux2014_x86_64.whl", hash = "sha256:65a9d05f89144f7c6d81aad9bc43ad1880dcec5b2ec4de83960e2a6ec5debcba"},
    {file = "bitstruct-8.18.0-cp312-cp312-manylinux_2_5_i686.manylinux1_i686.manylinux_2_17_i686.manylinux2014_i686.whl", hash = "sha256:a986dc460881d329738e5c8c8307780753e9b44b54929eea1f4b5a95e0a6e026"},
    {file = "bitstruct-8.18.0-cp312-cp312-musllinux_1_1_i686.whl", hash = "sha256:823a72e9307d6aede9b4e0bdf41be95ac34803ccb0b75501c78502baf185f0ef"},
    {file = "bitstruct-8.18.0-cp312-cp312-musllinux_1_1_x86_64.whl", hash = "sha256:87a3da17dec195faf166643feddae13eb3955ffc3875551713d181afeeca383a"},
    {file = "bitstruct-8.18.0-cp312-cp312-win32.whl", hash = "sha256:3067c0d1be651f06c3242bdeb41dcabf0e08e436af01fd493f1893c85d650336"},
    {file = "bitstruct-8.18.0-cp312-cp312-win_amd64.whl", hash = "sha256:9b7fde6d8f051f6cfd1b89a7ffaaf28e7ae6e9704c38d6326039a1094b56c280"},
    {file = "bitstruct-8.18.0-cp37-cp37m-macosx_10_9_x86_64.whl", hash = "sha256:844029a325bd89d6c2650ac828c08aa3de519cde71f5d8048148e802f496ebf3"},
    {file = "bitstruct-8.18.0-cp37-cp37m-manylinux_2_17_x86_64.manylinux2014_x86_64.whl", hash = "sha256:05ddf45791bef33d4f3348cecef9ec7b2dab13fc3bd890427e6dc01d38eee775"},
    {file = "bitstruct-8.18.0-cp37-cp37m-manylinux_2_5_i686.manylinux1_i686.manylinux_2_17_i686.manylinux2014_i686.whl", hash = "sha256:558771c5aa3e3d9762fa0e74e40a8bb8a4cb0eda9c49377093a859af534a7129"},
    {file = "bitstruct-8.18.0-cp37-cp37m-musllinux_1_1_i686.whl", hash = "sha256:ce30cefab651bc3cd165365b98b03081ec3339ae601412fc60223f1553b28f04"},
    {file = "bitstruct-8.18.0-cp37-cp37m-musllinux_1_1_x86_64.whl", hash = "sha256:3b857d7744d4b38ba46c4c03082347c059fce824e199374e548445aac4f1034b"},
    {file = "bitstruct-8.18.0-cp37-cp37m-win32.whl", hash = "sha256:9416d445f6f433e6b158f302aa2477d3cd4f570b1bedfbe5719dfb61d0a4fe90"},
    {file = "bitstruct-8.18.0-cp37-cp37m-win_amd64.whl", hash = "sha256:a45854ae49a457fb21cf39574bc4cff93a4478947d3694d4e0a7b74ab60f4ca6"},
    {file = "bitstruct-8.18.0-cp38-cp38-macosx_10_9_x86_64.whl", hash = "sha256:80416b93674b35ea16dc733419b5e462ee4d1f5f42a87f26ad007da8e427b324"},
    {file = "bitstruct-8.18.0-cp38-cp38-manylinux_2_17_x86_64.manylinux2014_x86_64.whl", hash = "sha256:3c76859521c3e1f0bab65cc6da24c1721e28fc9a99b0895ada31f8a4efa5c029"},
    {file = "bitstruct-8.18.0-cp38-cp38-manylinux_2_5_i686.manylinux1_i686.manylinux_2_17_i686.manylinux2014_i686.whl", hash = "sha256:42739c23110b0dc74b5d8e3cac5c6a690ed37dc50aa184c2ad9b2622902a1954"},
    {file = "bitstruct-8.18.0-cp38-cp38-musllinux_1_1_i686.whl", hash = "sha256:3136043e56b9e96327629431752cdfdce2f0a0121ac0f117ff5cb2bdb5727ed7"},
    {file = "bitstruct-8.18.0-cp38-cp38-musllinux_1_1_x86_64.whl", hash = "sha256:1c7d6c01be00b5e1f09681cee34a20f800782b5a4ee1f3c309f86d469ab16d68"},
    {file = "bitstruct-8.18.0-cp38-cp38-win32.whl", hash = "sha256:aa58167c0c9289ece844c7b1d1f0283de5172b8efaec485267e5030050afaef3"},
    {file = "bitstruct-8.18.0-cp38-cp38-win_amd64.whl", hash = "sha256:521eb051d7e75a87e6fcbb975d437fc96ca2fd17a5be415818306fbb239c0706"},
    {file = "bitstruct-8.18.0-cp39-cp39-macosx_10_9_x86_64.whl", hash = "sha256:9e25ef35f9ed34d60a2724e66f85b12396b24c9f17401d8a9c56c317c2e5e7d6"},
    {file = "bitstruct-8.18.0-cp39-cp39-manylinux_2_17_x86_64.manylinux2014_x86_64.whl", hash = "sha256:5cd2d4eccafdb9661c0f5b0fe24de0c1c268c9b4931b1d7e2602cc76f63e86ac"},
    {file = "bitstruct-8.18.0-cp39-cp39-manylinux_2_5_i686.manylinux1_i686.manylinux_2_17_i686.manylinux2014_i686.whl", hash = "sha256:0fcf1b9c46ab1f63161cabafc6393ec871a941cce5ba94238fbafa4fe17742f8"},
    {file = "bitstruct-8.18.0-cp39-cp39-musllinux_1_1_i686.whl", hash = "sha256:a95ed11fde1bf3b63a1778a65918f819570f1fe0bc5e57d36a262a06b5bead32"},
    {file = "bitstruct-8.18.0-cp39-cp39-musllinux_1_1_x86_64.whl", hash = "sha256:675fc4f6e6a601e30ce5eb95ccefdbb6353ad77b950941d6f082bec9aab5fac8"},
    {file = "bitstruct-8.18.0-cp39-cp39-win32.whl", hash = "sha256:8943961bb7595ae8f57bbc573b33aec7b483847ab4b2c0536ad622d6584910d2"},
    {file = "bitstruct-8.18.0-cp39-cp39-win_amd64.whl", hash = "sha256:a5bee1d7b5d37040867bff484583d311e34972446ba42e4d9ac0ac561b5c7dea"},
    {file = "bitstruct-8.18.0.tar.gz", hash = "sha256:91865b210a4bfa86817537c0d934fac97fe671717f08665dc134551cfed3be13"},
]

[metadata]
lock-version = "2.0"
python-versions = "^3.11"
content-hash = "d2f8e15fef62632b157422ee61f3a4d248b28ef712892a09306416febdc91f9c"
